
Microsoft Visual Studio Solution File, Format Version 12.00
# Visual Studio Version 17
VisualStudioVersion = 17.9.34622.214
MinimumVisualStudioVersion = 10.0.40219.1
Project("{C9674DCB-5085-4A16-B785-4C70DD1589BD}") = "ssis3", "ssis3\ssis3.dtproj", "{25154AC2-98DB-408D-A644-C260A792169A}"
EndProject
Global
	GlobalSection(SolutionConfigurationPlatforms) = preSolution
		Development|Default = Development|Default
	EndGlobalSection
	GlobalSection(ProjectConfigurationPlatforms) = postSolution
		{25154AC2-98DB-408D-A644-C260A792169A}.Development|Default.ActiveCfg = Development
		{25154AC2-98DB-408D-A644-C260A792169A}.Development|Default.Build.0 = Development
	EndGlobalSection
	GlobalSection(SolutionProperties) = preSolution
		HideSolutionNode = FALSE
	EndGlobalSection
	GlobalSection(ExtensibilityGlobals) = postSolution
		SolutionGuid = {9535AEEB-B485-4ED9-9B10-39A4F3D191EF}
	EndGlobalSection
EndGlobal
