
Microsoft Visual Studio Solution File, Format Version 12.00
# Visual Studio Version 17
VisualStudioVersion = 17.9.34622.214
MinimumVisualStudioVersion = 10.0.40219.1
Project("{D2ABAB84-BF74-430A-B69E-9DC6D40DDA17}") = "test_error_ssas", "test_error_ssas\test_error_ssas.dwproj", "{2CC51827-8300-42A8-B750-6BAA6757C1E2}"
EndProject
Global
	GlobalSection(SolutionConfigurationPlatforms) = preSolution
		Development|Default = Development|Default
	EndGlobalSection
	GlobalSection(ProjectConfigurationPlatforms) = postSolution
		{2CC51827-8300-42A8-B750-6BAA6757C1E2}.Development|Default.ActiveCfg = Development
		{2CC51827-8300-42A8-B750-6BAA6757C1E2}.Development|Default.Build.0 = Development
		{2CC51827-8300-42A8-B750-6BAA6757C1E2}.Development|Default.Deploy.0 = Development
	EndGlobalSection
	GlobalSection(SolutionProperties) = preSolution
		HideSolutionNode = FALSE
	EndGlobalSection
	GlobalSection(ExtensibilityGlobals) = postSolution
		SolutionGuid = {0A9C5B4C-8662-46BF-9473-8DC10F39C212}
	EndGlobalSection
EndGlobal
